
Microsoft Visual Studio Solution File, Format Version 12.00
# Visual Studio Version 17
VisualStudioVersion = 17.12.35209.166
MinimumVisualStudioVersion = 10.0.40219.1
Project("{FAE04EC0-301F-11D3-BF4B-00C04F79EFBC}") = "API", "API\API.csproj", "{9160CE5A-34F7-4B18-8EDE-CB4DFC34C370}"
EndProject
Project("{FAE04EC0-301F-11D3-BF4B-00C04F79EFBC}") = "Core", "Core\Core.csproj", "{0859756A-3CC9-48D6-8250-23EB48B8C2A1}"
EndProject
Project("{FAE04EC0-301F-11D3-BF4B-00C04F79EFBC}") = "Infrastructure", "Infrastructure\Infrastructure.csproj", "{C2B448F9-CCD6-48F5-95F0-5D802C343577}"
EndProject
Global
	GlobalSection(SolutionConfigurationPlatforms) = preSolution
		Debug|Any CPU = Debug|Any CPU
		Release|Any CPU = Release|Any CPU
	EndGlobalSection
	GlobalSection(ProjectConfigurationPlatforms) = postSolution
		{9160CE5A-34F7-4B18-8EDE-CB4DFC34C370}.Debug|Any CPU.ActiveCfg = Debug|Any CPU
		{9160CE5A-34F7-4B18-8EDE-CB4DFC34C370}.Debug|Any CPU.Build.0 = Debug|Any CPU
		{9160CE5A-34F7-4B18-8EDE-CB4DFC34C370}.Release|Any CPU.ActiveCfg = Release|Any CPU
		{9160CE5A-34F7-4B18-8EDE-CB4DFC34C370}.Release|Any CPU.Build.0 = Release|Any CPU
		{0859756A-3CC9-48D6-8250-23EB48B8C2A1}.Debug|Any CPU.ActiveCfg = Debug|Any CPU
		{0859756A-3CC9-48D6-8250-23EB48B8C2A1}.Debug|Any CPU.Build.0 = Debug|Any CPU
		{0859756A-3CC9-48D6-8250-23EB48B8C2A1}.Release|Any CPU.ActiveCfg = Release|Any CPU
		{0859756A-3CC9-48D6-8250-23EB48B8C2A1}.Release|Any CPU.Build.0 = Release|Any CPU
		{C2B448F9-CCD6-48F5-95F0-5D802C343577}.Debug|Any CPU.ActiveCfg = Debug|Any CPU
		{C2B448F9-CCD6-48F5-95F0-5D802C343577}.Debug|Any CPU.Build.0 = Debug|Any CPU
		{C2B448F9-CCD6-48F5-95F0-5D802C343577}.Release|Any CPU.ActiveCfg = Release|Any CPU
		{C2B448F9-CCD6-48F5-95F0-5D802C343577}.Release|Any CPU.Build.0 = Release|Any CPU
	EndGlobalSection
	GlobalSection(SolutionProperties) = preSolution
		HideSolutionNode = FALSE
	EndGlobalSection
	GlobalSection(ExtensibilityGlobals) = postSolution
		SolutionGuid = {E68CBDDF-768E-424A-8104-6A1783B5DFD5}
	EndGlobalSection
EndGlobal
